
Microsoft Visual Studio Solution File, Format Version 12.00
# Visual Studio Version 17
VisualStudioVersion = 17.5.33516.290
MinimumVisualStudioVersion = 10.0.40219.1
Project("{FAE04EC0-301F-11D3-BF4B-00C04F79EFBC}") = "ECOSaver", "ECOSaver\ECOSaver.csproj", "{43B5ED11-0318-4FB4-9143-636FBF131895}"
EndProject
Project("{FAE04EC0-301F-11D3-BF4B-00C04F79EFBC}") = "ECOSaverTests", "ECOSaverTests\ECOSaverTests.csproj", "{8A7EB69E-95DC-4356-8E57-BC0BC6CD2D41}"
EndProject
Global
	GlobalSection(SolutionConfigurationPlatforms) = preSolution
		Debug|Any CPU = Debug|Any CPU
		Release|Any CPU = Release|Any CPU
	EndGlobalSection
	GlobalSection(ProjectConfigurationPlatforms) = postSolution
		{43B5ED11-0318-4FB4-9143-636FBF131895}.Debug|Any CPU.ActiveCfg = Debug|Any CPU
		{43B5ED11-0318-4FB4-9143-636FBF131895}.Debug|Any CPU.Build.0 = Debug|Any CPU
		{43B5ED11-0318-4FB4-9143-636FBF131895}.Release|Any CPU.ActiveCfg = Release|Any CPU
		{43B5ED11-0318-4FB4-9143-636FBF131895}.Release|Any CPU.Build.0 = Release|Any CPU
		{8A7EB69E-95DC-4356-8E57-BC0BC6CD2D41}.Debug|Any CPU.ActiveCfg = Debug|Any CPU
		{8A7EB69E-95DC-4356-8E57-BC0BC6CD2D41}.Debug|Any CPU.Build.0 = Debug|Any CPU
		{8A7EB69E-95DC-4356-8E57-BC0BC6CD2D41}.Release|Any CPU.ActiveCfg = Release|Any CPU
		{8A7EB69E-95DC-4356-8E57-BC0BC6CD2D41}.Release|Any CPU.Build.0 = Release|Any CPU
	EndGlobalSection
	GlobalSection(SolutionProperties) = preSolution
		HideSolutionNode = FALSE
	EndGlobalSection
	GlobalSection(ExtensibilityGlobals) = postSolution
		SolutionGuid = {77590E25-7DBA-4759-9192-DC7EDA1101F3}
	EndGlobalSection
EndGlobal
